
Microsoft Visual Studio Solution File, Format Version 12.00
# Visual Studio 15
VisualStudioVersion = 15.0.28307.1145
MinimumVisualStudioVersion = 10.0.40219.1
Project("{FAE04EC0-301F-11D3-BF4B-00C04F79EFBC}") = "WebConfigUpdater", "WebConfigUpdater.csproj", "{3D437B57-162B-4A19-8BFF-5A86E4DE0FCF}"
EndProject
Global
	GlobalSection(SolutionConfigurationPlatforms) = preSolution
		Debug|Any CPU = Debug|Any CPU
		Release|Any CPU = Release|Any CPU
	EndGlobalSection
	GlobalSection(ProjectConfigurationPlatforms) = postSolution
		{3D437B57-162B-4A19-8BFF-5A86E4DE0FCF}.Debug|Any CPU.ActiveCfg = Debug|Any CPU
		{3D437B57-162B-4A19-8BFF-5A86E4DE0FCF}.Debug|Any CPU.Build.0 = Debug|Any CPU
		{3D437B57-162B-4A19-8BFF-5A86E4DE0FCF}.Release|Any CPU.ActiveCfg = Release|Any CPU
		{3D437B57-162B-4A19-8BFF-5A86E4DE0FCF}.Release|Any CPU.Build.0 = Release|Any CPU
	EndGlobalSection
	GlobalSection(SolutionProperties) = preSolution
		HideSolutionNode = FALSE
	EndGlobalSection
	GlobalSection(ExtensibilityGlobals) = postSolution
		SolutionGuid = {6896CEF9-F093-49CF-A869-D3DC63C21C24}
	EndGlobalSection
EndGlobal
